{
  "name": "crawlerdirectory",
  "version": "1.0.0",
  "lockfileVersion": 1,
  "requires": true,
  "dependencies": {
    "escaping": {
      "version": "0.1.2",
      "resolved": "https://registry.npmjs.org/escaping/-/escaping-0.1.2.tgz",
      "integrity": "sha512-MA1mj7fh61ryW4fS2k0RoxsdrpPYUO41cxB8SlvPtnSsMgmw2W8/CWOZP9O83TpRAA2d5uK7i0fOiALIvr5Vig=="
    }
  }
}
